
Microsoft Visual Studio Solution File, Format Version 12.00
# Visual Studio Version 16
VisualStudioVersion = 16.0.30523.141
MinimumVisualStudioVersion = 10.0.40219.1
Project("{FAE04EC0-301F-11D3-BF4B-00C04F79EFBC}") = "JSHomework", "JSHomework\JSHomework.csproj", "{B9B1593A-CF43-4575-BA60-26BA53FD7D89}"
EndProject
Global
	GlobalSection(SolutionConfigurationPlatforms) = preSolution
		Debug|Any CPU = Debug|Any CPU
		Release|Any CPU = Release|Any CPU
	EndGlobalSection
	GlobalSection(ProjectConfigurationPlatforms) = postSolution
		{B9B1593A-CF43-4575-BA60-26BA53FD7D89}.Debug|Any CPU.ActiveCfg = Debug|Any CPU
		{B9B1593A-CF43-4575-BA60-26BA53FD7D89}.Debug|Any CPU.Build.0 = Debug|Any CPU
		{B9B1593A-CF43-4575-BA60-26BA53FD7D89}.Release|Any CPU.ActiveCfg = Release|Any CPU
		{B9B1593A-CF43-4575-BA60-26BA53FD7D89}.Release|Any CPU.Build.0 = Release|Any CPU
	EndGlobalSection
	GlobalSection(SolutionProperties) = preSolution
		HideSolutionNode = FALSE
	EndGlobalSection
	GlobalSection(ExtensibilityGlobals) = postSolution
		SolutionGuid = {FF1C3F40-F789-483B-9C33-CDD67DCA6000}
	EndGlobalSection
EndGlobal
